
Microsoft Visual Studio Solution File, Format Version 12.00
# Visual Studio 2012
Project("{FAE04EC0-301F-11D3-BF4B-00C04F79EFBC}") = "PostListDetailsXamarin", "PostListDetailsXamarin\PostListDetailsXamarin.csproj", "{661A39CA-B913-4C5A-AFB5-56706A238C7A}"
EndProject
Project("{FAE04EC0-301F-11D3-BF4B-00C04F79EFBC}") = "PostListDetailsXamarin.iOS", "iOS\PostListDetailsXamarin.iOS.csproj", "{0BCDC4ED-9584-423C-94DD-A53490267BB7}"
EndProject
Project("{FAE04EC0-301F-11D3-BF4B-00C04F79EFBC}") = "PostListDetailsXamarin.Droid", "Droid\PostListDetailsXamarin.Droid.csproj", "{757D1E63-CD53-4A95-AF5C-42673C22D555}"
EndProject
Global
	GlobalSection(SolutionConfigurationPlatforms) = preSolution
		Debug|Any CPU = Debug|Any CPU
		Release|Any CPU = Release|Any CPU
		Debug|iPhoneSimulator = Debug|iPhoneSimulator
		Release|iPhone = Release|iPhone
		Release|iPhoneSimulator = Release|iPhoneSimulator
		Debug|iPhone = Debug|iPhone
	EndGlobalSection
	GlobalSection(ProjectConfigurationPlatforms) = postSolution
		{661A39CA-B913-4C5A-AFB5-56706A238C7A}.Debug|Any CPU.ActiveCfg = Debug|Any CPU
		{661A39CA-B913-4C5A-AFB5-56706A238C7A}.Debug|Any CPU.Build.0 = Debug|Any CPU
		{661A39CA-B913-4C5A-AFB5-56706A238C7A}.Release|Any CPU.ActiveCfg = Release|Any CPU
		{661A39CA-B913-4C5A-AFB5-56706A238C7A}.Release|Any CPU.Build.0 = Release|Any CPU
		{661A39CA-B913-4C5A-AFB5-56706A238C7A}.Debug|iPhoneSimulator.ActiveCfg = Debug|Any CPU
		{661A39CA-B913-4C5A-AFB5-56706A238C7A}.Debug|iPhoneSimulator.Build.0 = Debug|Any CPU
		{661A39CA-B913-4C5A-AFB5-56706A238C7A}.Release|iPhone.ActiveCfg = Release|Any CPU
		{661A39CA-B913-4C5A-AFB5-56706A238C7A}.Release|iPhone.Build.0 = Release|Any CPU
		{661A39CA-B913-4C5A-AFB5-56706A238C7A}.Release|iPhoneSimulator.ActiveCfg = Release|Any CPU
		{661A39CA-B913-4C5A-AFB5-56706A238C7A}.Release|iPhoneSimulator.Build.0 = Release|Any CPU
		{661A39CA-B913-4C5A-AFB5-56706A238C7A}.Debug|iPhone.ActiveCfg = Debug|Any CPU
		{661A39CA-B913-4C5A-AFB5-56706A238C7A}.Debug|iPhone.Build.0 = Debug|Any CPU
		{0BCDC4ED-9584-423C-94DD-A53490267BB7}.Debug|Any CPU.ActiveCfg = Debug|iPhoneSimulator
		{0BCDC4ED-9584-423C-94DD-A53490267BB7}.Debug|Any CPU.Build.0 = Debug|iPhoneSimulator
		{0BCDC4ED-9584-423C-94DD-A53490267BB7}.Release|Any CPU.ActiveCfg = Release|iPhone
		{0BCDC4ED-9584-423C-94DD-A53490267BB7}.Release|Any CPU.Build.0 = Release|iPhone
		{0BCDC4ED-9584-423C-94DD-A53490267BB7}.Debug|iPhoneSimulator.ActiveCfg = Debug|iPhoneSimulator
		{0BCDC4ED-9584-423C-94DD-A53490267BB7}.Debug|iPhoneSimulator.Build.0 = Debug|iPhoneSimulator
		{0BCDC4ED-9584-423C-94DD-A53490267BB7}.Release|iPhone.ActiveCfg = Release|iPhone
		{0BCDC4ED-9584-423C-94DD-A53490267BB7}.Release|iPhone.Build.0 = Release|iPhone
		{0BCDC4ED-9584-423C-94DD-A53490267BB7}.Release|iPhoneSimulator.ActiveCfg = Release|iPhoneSimulator
		{0BCDC4ED-9584-423C-94DD-A53490267BB7}.Release|iPhoneSimulator.Build.0 = Release|iPhoneSimulator
		{0BCDC4ED-9584-423C-94DD-A53490267BB7}.Debug|iPhone.ActiveCfg = Debug|iPhone
		{0BCDC4ED-9584-423C-94DD-A53490267BB7}.Debug|iPhone.Build.0 = Debug|iPhone
		{757D1E63-CD53-4A95-AF5C-42673C22D555}.Debug|Any CPU.ActiveCfg = Debug|Any CPU
		{757D1E63-CD53-4A95-AF5C-42673C22D555}.Debug|Any CPU.Build.0 = Debug|Any CPU
		{757D1E63-CD53-4A95-AF5C-42673C22D555}.Release|Any CPU.ActiveCfg = Release|Any CPU
		{757D1E63-CD53-4A95-AF5C-42673C22D555}.Release|Any CPU.Build.0 = Release|Any CPU
		{757D1E63-CD53-4A95-AF5C-42673C22D555}.Debug|iPhoneSimulator.ActiveCfg = Debug|Any CPU
		{757D1E63-CD53-4A95-AF5C-42673C22D555}.Debug|iPhoneSimulator.Build.0 = Debug|Any CPU
		{757D1E63-CD53-4A95-AF5C-42673C22D555}.Release|iPhone.ActiveCfg = Release|Any CPU
		{757D1E63-CD53-4A95-AF5C-42673C22D555}.Release|iPhone.Build.0 = Release|Any CPU
		{757D1E63-CD53-4A95-AF5C-42673C22D555}.Release|iPhoneSimulator.ActiveCfg = Release|Any CPU
		{757D1E63-CD53-4A95-AF5C-42673C22D555}.Release|iPhoneSimulator.Build.0 = Release|Any CPU
		{757D1E63-CD53-4A95-AF5C-42673C22D555}.Debug|iPhone.ActiveCfg = Debug|Any CPU
		{757D1E63-CD53-4A95-AF5C-42673C22D555}.Debug|iPhone.Build.0 = Debug|Any CPU
	EndGlobalSection
EndGlobal
